{
  "originHash" : "e0ba11a9b9b16446ab05d2bc1eaa6d0e623e541d3caeb089101b983789001237",
  "pins" : [
    {
      "identity" : "chromaswift",
      "kind" : "remoteSourceControl",
      "location" : "https://github.com/wallisch/ChromaSwift",
      "state" : {
        "branch" : "master",
        "revision" : "7c53f4370da03704ba76412c5a7214e7ab74be27"
      }
    },
    {
      "identity" : "youtubekit",
      "kind" : "remoteSourceControl",
      "location" : "https://github.com/alexeichhorn/YouTubeKit",
      "state" : {
        "revision" : "481c8e3a924ccad893197bdc4577424fae952853",
        "version" : "0.4.0"
      }
    }
  ],
  "version" : 3
}
